// !$*UTF8*$!
{
	archiveVersion = 1;
	classes = {
	};
	objectVersion = 51;
	objects = {

/* Begin PBXBuildFile section */
		91054FC9231E37D300352B9F /* Pokemon.swift in Sources */ = {isa = PBXBuildFile; fileRef = 91054FC8231E37D300352B9F /* Pokemon.swift */; };
		91054FCB231E37DE00352B9F /* Sprites.swift in Sources */ = {isa = PBXBuildFile; fileRef = 91054FCA231E37DE00352B9F /* Sprites.swift */; };
		91054FCD231E385A00352B9F /* PokedexTableViewController.swift in Sources */ = {isa = PBXBuildFile; fileRef = 91054FCC231E385A00352B9F /* PokedexTableViewController.swift */; };
		91054FD1231E3C6400352B9F /* PokedexTableViewCell.swift in Sources */ = {isa = PBXBuildFile; fileRef = 91054FD0231E3C6400352B9F /* PokedexTableViewCell.swift */; };
		91054FD5231E5C0F00352B9F /* PokemonInfoTableViewController.swift in Sources */ = {isa = PBXBuildFile; fileRef = 91054FD4231E5C0F00352B9F /* PokemonInfoTableViewController.swift */; };
		91054FDC231F4E4600352B9F /* ListDeleteButton.swift in Sources */ = {isa = PBXBuildFile; fileRef = 91054FDB231F4E4600352B9F /* ListDeleteButton.swift */; };
		91054FDF231F562400352B9F /* PostsTableViewController.swift in Sources */ = {isa = PBXBuildFile; fileRef = 91054FDE231F562400352B9F /* PostsTableViewController.swift */; };
		91054FE1231F567A00352B9F /* Posts.swift in Sources */ = {isa = PBXBuildFile; fileRef = 91054FE0231F567A00352B9F /* Posts.swift */; };
		91054FE5231F573500352B9F /* ApiCall.swift in Sources */ = {isa = PBXBuildFile; fileRef = 91054FE4231F573500352B9F /* ApiCall.swift */; };
		91054FE7231F59D100352B9F /* PostsTableViewCell.swift in Sources */ = {isa = PBXBuildFile; fileRef = 91054FE6231F59D100352B9F /* PostsTableViewCell.swift */; };
		910EAC7A230BB88E00750D2F /* AppDelegate.swift in Sources */ = {isa = PBXBuildFile; fileRef = 910EAC79230BB88E00750D2F /* AppDelegate.swift */; };
		910EAC7C230BB88E00750D2F /* ViewController.swift in Sources */ = {isa = PBXBuildFile; fileRef = 910EAC7B230BB88E00750D2F /* ViewController.swift */; };
		910EAC7F230BB88E00750D2F /* Main.storyboard in Resources */ = {isa = PBXBuildFile; fileRef = 910EAC7D230BB88E00750D2F /* Main.storyboard */; };
		910EAC81230BB89000750D2F /* Assets.xcassets in Resources */ = {isa = PBXBuildFile; fileRef = 910EAC80230BB89000750D2F /* Assets.xcassets */; };
		910EAC84230BB89000750D2F /* LaunchScreen.storyboard in Resources */ = {isa = PBXBuildFile; fileRef = 910EAC82230BB89000750D2F /* LaunchScreen.storyboard */; };
		910EAC8F230BB89000750D2F /* AlgorithmsTests.swift in Sources */ = {isa = PBXBuildFile; fileRef = 910EAC8E230BB89000750D2F /* AlgorithmsTests.swift */; };
		910EAC9C230BCCC600750D2F /* ImageExerciseViewController.swift in Sources */ = {isa = PBXBuildFile; fileRef = 910EAC9B230BCCC600750D2F /* ImageExerciseViewController.swift */; };
		915B34A0230E17830015E648 /* ContactTableViewController.swift in Sources */ = {isa = PBXBuildFile; fileRef = 915B349F230E17830015E648 /* ContactTableViewController.swift */; };
		915B34A2230E17DE0015E648 /* Contact.swift in Sources */ = {isa = PBXBuildFile; fileRef = 915B34A1230E17DE0015E648 /* Contact.swift */; };
		915B34A4230E1CE60015E648 /* ContactTableViewCell.swift in Sources */ = {isa = PBXBuildFile; fileRef = 915B34A3230E1CE60015E648 /* ContactTableViewCell.swift */; };
		91703080230E6E8200790F45 /* StaticTableViewController.swift in Sources */ = {isa = PBXBuildFile; fileRef = 9170307F230E6E8200790F45 /* StaticTableViewController.swift */; };
		91703084230E8E7000790F45 /* NameTableViewCell.swift in Sources */ = {isa = PBXBuildFile; fileRef = 91703083230E8E7000790F45 /* NameTableViewCell.swift */; };
		91703088230F635200790F45 /* ContactInfoTableViewController.swift in Sources */ = {isa = PBXBuildFile; fileRef = 91703087230F635200790F45 /* ContactInfoTableViewController.swift */; };
		91703093230FAE4700790F45 /* Tweet.swift in Sources */ = {isa = PBXBuildFile; fileRef = 91703092230FAE4700790F45 /* Tweet.swift */; };
		91703095230FB19B00790F45 /* TweetTableViewController.swift in Sources */ = {isa = PBXBuildFile; fileRef = 91703094230FB19B00790F45 /* TweetTableViewController.swift */; };
		91703099230FBC5400790F45 /* StandardTweetTableViewCell.swift in Sources */ = {isa = PBXBuildFile; fileRef = 91703098230FBC5400790F45 /* StandardTweetTableViewCell.swift */; };
		9170309B230FC48300790F45 /* ImageTweetTableViewCell.swift in Sources */ = {isa = PBXBuildFile; fileRef = 9170309A230FC48300790F45 /* ImageTweetTableViewCell.swift */; };
		9FE5532B19E6C7873146D2D8 /* Pods_Algorithms.framework in Frameworks */ = {isa = PBXBuildFile; fileRef = A03710B13A8591D7E0DFD626 /* Pods_Algorithms.framework */; };
/* End PBXBuildFile section */

/* Begin PBXContainerItemProxy section */
		910EAC8B230BB89000750D2F /* PBXContainerItemProxy */ = {
			isa = PBXContainerItemProxy;
			containerPortal = 910EAC6E230BB88E00750D2F /* Project object */;
			proxyType = 1;
			remoteGlobalIDString = 910EAC75230BB88E00750D2F;
			remoteInfo = Algorithms;
		};
/* End PBXContainerItemProxy section */

/* Begin PBXFileReference section */
		2A7F6A577D3F8B87041ED567 /* Pods-Algorithms.release.xcconfig */ = {isa = PBXFileReference; includeInIndex = 1; lastKnownFileType = text.xcconfig; name = "Pods-Algorithms.release.xcconfig"; path = "Target Support Files/Pods-Algorithms/Pods-Algorithms.release.xcconfig"; sourceTree = "<group>"; };
		4FED12DE244950D97E079CAE /* Pods-Algorithms.debug.xcconfig */ = {isa = PBXFileReference; includeInIndex = 1; lastKnownFileType = text.xcconfig; name = "Pods-Algorithms.debug.xcconfig"; path = "Target Support Files/Pods-Algorithms/Pods-Algorithms.debug.xcconfig"; sourceTree = "<group>"; };
		91054FC8231E37D300352B9F /* Pokemon.swift */ = {isa = PBXFileReference; lastKnownFileType = sourcecode.swift; path = Pokemon.swift; sourceTree = "<group>"; };
		91054FCA231E37DE00352B9F /* Sprites.swift */ = {isa = PBXFileReference; lastKnownFileType = sourcecode.swift; path = Sprites.swift; sourceTree = "<group>"; };
		91054FCC231E385A00352B9F /* PokedexTableViewController.swift */ = {isa = PBXFileReference; lastKnownFileType = sourcecode.swift; path = PokedexTableViewController.swift; sourceTree = "<group>"; };
		91054FD0231E3C6400352B9F /* PokedexTableViewCell.swift */ = {isa = PBXFileReference; lastKnownFileType = sourcecode.swift; path = PokedexTableViewCell.swift; sourceTree = "<group>"; };
		91054FD4231E5C0F00352B9F /* PokemonInfoTableViewController.swift */ = {isa = PBXFileReference; lastKnownFileType = sourcecode.swift; path = PokemonInfoTableViewController.swift; sourceTree = "<group>"; };
		91054FDB231F4E4600352B9F /* ListDeleteButton.swift */ = {isa = PBXFileReference; lastKnownFileType = sourcecode.swift; path = ListDeleteButton.swift; sourceTree = "<group>"; };
		91054FDE231F562400352B9F /* PostsTableViewController.swift */ = {isa = PBXFileReference; lastKnownFileType = sourcecode.swift; path = PostsTableViewController.swift; sourceTree = "<group>"; };
		91054FE0231F567A00352B9F /* Posts.swift */ = {isa = PBXFileReference; lastKnownFileType = sourcecode.swift; path = Posts.swift; sourceTree = "<group>"; };
		91054FE4231F573500352B9F /* ApiCall.swift */ = {isa = PBXFileReference; lastKnownFileType = sourcecode.swift; path = ApiCall.swift; sourceTree = "<group>"; };
		91054FE6231F59D100352B9F /* PostsTableViewCell.swift */ = {isa = PBXFileReference; lastKnownFileType = sourcecode.swift; path = PostsTableViewCell.swift; sourceTree = "<group>"; };
		910EAC76230BB88E00750D2F /* Algorithms.app */ = {isa = PBXFileReference; explicitFileType = wrapper.application; includeInIndex = 0; path = Algorithms.app; sourceTree = BUILT_PRODUCTS_DIR; };
		910EAC79230BB88E00750D2F /* AppDelegate.swift */ = {isa = PBXFileReference; lastKnownFileType = sourcecode.swift; path = AppDelegate.swift; sourceTree = "<group>"; };
		910EAC7B230BB88E00750D2F /* ViewController.swift */ = {isa = PBXFileReference; lastKnownFileType = sourcecode.swift; path = ViewController.swift; sourceTree = "<group>"; };
		910EAC7E230BB88E00750D2F /* Base */ = {isa = PBXFileReference; lastKnownFileType = file.storyboard; name = Base; path = Base.lproj/Main.storyboard; sourceTree = "<group>"; };
		910EAC80230BB89000750D2F /* Assets.xcassets */ = {isa = PBXFileReference; lastKnownFileType = folder.assetcatalog; path = Assets.xcassets; sourceTree = "<group>"; };
		910EAC83230BB89000750D2F /* Base */ = {isa = PBXFileReference; lastKnownFileType = file.storyboard; name = Base; path = Base.lproj/LaunchScreen.storyboard; sourceTree = "<group>"; };
		910EAC85230BB89000750D2F /* Info.plist */ = {isa = PBXFileReference; lastKnownFileType = text.plist.xml; path = Info.plist; sourceTree = "<group>"; };
		910EAC8A230BB89000750D2F /* AlgorithmsTests.xctest */ = {isa = PBXFileReference; explicitFileType = wrapper.cfbundle; includeInIndex = 0; path = AlgorithmsTests.xctest; sourceTree = BUILT_PRODUCTS_DIR; };
		910EAC8E230BB89000750D2F /* AlgorithmsTests.swift */ = {isa = PBXFileReference; lastKnownFileType = sourcecode.swift; path = AlgorithmsTests.swift; sourceTree = "<group>"; };
		910EAC90230BB89000750D2F /* Info.plist */ = {isa = PBXFileReference; lastKnownFileType = text.plist.xml; path = Info.plist; sourceTree = "<group>"; };
		910EAC9B230BCCC600750D2F /* ImageExerciseViewController.swift */ = {isa = PBXFileReference; lastKnownFileType = sourcecode.swift; path = ImageExerciseViewController.swift; sourceTree = "<group>"; };
		915B349F230E17830015E648 /* ContactTableViewController.swift */ = {isa = PBXFileReference; lastKnownFileType = sourcecode.swift; path = ContactTableViewController.swift; sourceTree = "<group>"; };
		915B34A1230E17DE0015E648 /* Contact.swift */ = {isa = PBXFileReference; lastKnownFileType = sourcecode.swift; path = Contact.swift; sourceTree = "<group>"; };
		915B34A3230E1CE60015E648 /* ContactTableViewCell.swift */ = {isa = PBXFileReference; lastKnownFileType = sourcecode.swift; path = ContactTableViewCell.swift; sourceTree = "<group>"; };
		9170307F230E6E8200790F45 /* StaticTableViewController.swift */ = {isa = PBXFileReference; lastKnownFileType = sourcecode.swift; path = StaticTableViewController.swift; sourceTree = "<group>"; };
		91703083230E8E7000790F45 /* NameTableViewCell.swift */ = {isa = PBXFileReference; lastKnownFileType = sourcecode.swift; path = NameTableViewCell.swift; sourceTree = "<group>"; };
		91703087230F635200790F45 /* ContactInfoTableViewController.swift */ = {isa = PBXFileReference; lastKnownFileType = sourcecode.swift; path = ContactInfoTableViewController.swift; sourceTree = "<group>"; };
		91703092230FAE4700790F45 /* Tweet.swift */ = {isa = PBXFileReference; lastKnownFileType = sourcecode.swift; path = Tweet.swift; sourceTree = "<group>"; };
		91703094230FB19B00790F45 /* TweetTableViewController.swift */ = {isa = PBXFileReference; lastKnownFileType = sourcecode.swift; path = TweetTableViewController.swift; sourceTree = "<group>"; };
		91703098230FBC5400790F45 /* StandardTweetTableViewCell.swift */ = {isa = PBXFileReference; lastKnownFileType = sourcecode.swift; path = StandardTweetTableViewCell.swift; sourceTree = "<group>"; };
		9170309A230FC48300790F45 /* ImageTweetTableViewCell.swift */ = {isa = PBXFileReference; lastKnownFileType = sourcecode.swift; path = ImageTweetTableViewCell.swift; sourceTree = "<group>"; };
		A03710B13A8591D7E0DFD626 /* Pods_Algorithms.framework */ = {isa = PBXFileReference; explicitFileType = wrapper.framework; includeInIndex = 0; path = Pods_Algorithms.framework; sourceTree = BUILT_PRODUCTS_DIR; };
/* End PBXFileReference section */

/* Begin PBXFrameworksBuildPhase section */
		910EAC73230BB88E00750D2F /* Frameworks */ = {
			isa = PBXFrameworksBuildPhase;
			buildActionMask = 2147483647;
			files = (
				9FE5532B19E6C7873146D2D8 /* Pods_Algorithms.framework in Frameworks */,
			);
			runOnlyForDeploymentPostprocessing = 0;
		};
		910EAC87230BB89000750D2F /* Frameworks */ = {
			isa = PBXFrameworksBuildPhase;
			buildActionMask = 2147483647;
			files = (
			);
			runOnlyForDeploymentPostprocessing = 0;
		};
/* End PBXFrameworksBuildPhase section */

/* Begin PBXGroup section */
		3234AD79966C86D57C2B607D /* Pods */ = {
			isa = PBXGroup;
			children = (
				4FED12DE244950D97E079CAE /* Pods-Algorithms.debug.xcconfig */,
				2A7F6A577D3F8B87041ED567 /* Pods-Algorithms.release.xcconfig */,
			);
			path = Pods;
			sourceTree = "<group>";
		};
		42084F425E76A269F5874799 /* Frameworks */ = {
			isa = PBXGroup;
			children = (
				A03710B13A8591D7E0DFD626 /* Pods_Algorithms.framework */,
			);
			name = Frameworks;
			sourceTree = "<group>";
		};
		91054FCE231E3B4700352B9F /* Pokedex */ = {
			isa = PBXGroup;
			children = (
				91054FD0231E3C6400352B9F /* PokedexTableViewCell.swift */,
				91054FCC231E385A00352B9F /* PokedexTableViewController.swift */,
				91054FD6231E5C1500352B9F /* PokdexInfo */,
				91054FCF231E3B5300352B9F /* Models */,
			);
			path = Pokedex;
			sourceTree = "<group>";
		};
		91054FCF231E3B5300352B9F /* Models */ = {
			isa = PBXGroup;
			children = (
				91054FC8231E37D300352B9F /* Pokemon.swift */,
				91054FCA231E37DE00352B9F /* Sprites.swift */,
			);
			path = Models;
			sourceTree = "<group>";
		};
		91054FD6231E5C1500352B9F /* PokdexInfo */ = {
			isa = PBXGroup;
			children = (
				91054FD4231E5C0F00352B9F /* PokemonInfoTableViewController.swift */,
			);
			path = PokdexInfo;
			sourceTree = "<group>";
		};
		91054FDD231F560200352B9F /* Posts */ = {
			isa = PBXGroup;
			children = (
				91054FE3231F572300352B9F /* NetworkServices */,
				91054FE2231F56ED00352B9F /* Models */,
				91054FDE231F562400352B9F /* PostsTableViewController.swift */,
				91054FE6231F59D100352B9F /* PostsTableViewCell.swift */,
			);
			path = Posts;
			sourceTree = "<group>";
		};
		91054FE2231F56ED00352B9F /* Models */ = {
			isa = PBXGroup;
			children = (
				91054FE0231F567A00352B9F /* Posts.swift */,
			);
			path = Models;
			sourceTree = "<group>";
		};
		91054FE3231F572300352B9F /* NetworkServices */ = {
			isa = PBXGroup;
			children = (
				91054FE4231F573500352B9F /* ApiCall.swift */,
			);
			path = NetworkServices;
			sourceTree = "<group>";
		};
		910EAC6D230BB88E00750D2F = {
			isa = PBXGroup;
			children = (
				910EAC78230BB88E00750D2F /* Algorithms */,
				910EAC8D230BB89000750D2F /* AlgorithmsTests */,
				910EAC77230BB88E00750D2F /* Products */,
				3234AD79966C86D57C2B607D /* Pods */,
				42084F425E76A269F5874799 /* Frameworks */,
			);
			sourceTree = "<group>";
		};
		910EAC77230BB88E00750D2F /* Products */ = {
			isa = PBXGroup;
			children = (
				910EAC76230BB88E00750D2F /* Algorithms.app */,
				910EAC8A230BB89000750D2F /* AlgorithmsTests.xctest */,
			);
			name = Products;
			sourceTree = "<group>";
		};
		910EAC78230BB88E00750D2F /* Algorithms */ = {
			isa = PBXGroup;
			children = (
				910EAC79230BB88E00750D2F /* AppDelegate.swift */,
				910EAC7B230BB88E00750D2F /* ViewController.swift */,
				910EAC9B230BCCC600750D2F /* ImageExerciseViewController.swift */,
				91054FDB231F4E4600352B9F /* ListDeleteButton.swift */,
				910EAC7D230BB88E00750D2F /* Main.storyboard */,
				91703094230FB19B00790F45 /* TweetTableViewController.swift */,
				91054FCE231E3B4700352B9F /* Pokedex */,
				91703098230FBC5400790F45 /* StandardTweetTableViewCell.swift */,
				91054FDD231F560200352B9F /* Posts */,
				9170309A230FC48300790F45 /* ImageTweetTableViewCell.swift */,
				91703083230E8E7000790F45 /* NameTableViewCell.swift */,
				9170307F230E6E8200790F45 /* StaticTableViewController.swift */,
				91703087230F635200790F45 /* ContactInfoTableViewController.swift */,
				915B34A3230E1CE60015E648 /* ContactTableViewCell.swift */,
				915B349F230E17830015E648 /* ContactTableViewController.swift */,
				9170308D230F865400790F45 /* Models */,
				910EAC80230BB89000750D2F /* Assets.xcassets */,
				910EAC82230BB89000750D2F /* LaunchScreen.storyboard */,
				910EAC85230BB89000750D2F /* Info.plist */,
			);
			path = Algorithms;
			sourceTree = "<group>";
		};
		910EAC8D230BB89000750D2F /* AlgorithmsTests */ = {
			isa = PBXGroup;
			children = (
				910EAC8E230BB89000750D2F /* AlgorithmsTests.swift */,
				910EAC90230BB89000750D2F /* Info.plist */,
			);
			path = AlgorithmsTests;
			sourceTree = "<group>";
		};
		9170308D230F865400790F45 /* Models */ = {
			isa = PBXGroup;
			children = (
				915B34A1230E17DE0015E648 /* Contact.swift */,
				91703092230FAE4700790F45 /* Tweet.swift */,
			);
			path = Models;
			sourceTree = "<group>";
		};
/* End PBXGroup section */

/* Begin PBXNativeTarget section */
		910EAC75230BB88E00750D2F /* Algorithms */ = {
			isa = PBXNativeTarget;
			buildConfigurationList = 910EAC93230BB89000750D2F /* Build configuration list for PBXNativeTarget "Algorithms" */;
			buildPhases = (
				55B138417776C01959A6B712 /* [CP] Check Pods Manifest.lock */,
				910EAC72230BB88E00750D2F /* Sources */,
				910EAC73230BB88E00750D2F /* Frameworks */,
				910EAC74230BB88E00750D2F /* Resources */,
				13DEEF594F4545E379C8C319 /* [CP] Embed Pods Frameworks */,
			);
			buildRules = (
			);
			dependencies = (
			);
			name = Algorithms;
			productName = Algorithms;
			productReference = 910EAC76230BB88E00750D2F /* Algorithms.app */;
			productType = "com.apple.product-type.application";
		};
		910EAC89230BB89000750D2F /* AlgorithmsTests */ = {
			isa = PBXNativeTarget;
			buildConfigurationList = 910EAC96230BB89000750D2F /* Build configuration list for PBXNativeTarget "AlgorithmsTests" */;
			buildPhases = (
				910EAC86230BB89000750D2F /* Sources */,
				910EAC87230BB89000750D2F /* Frameworks */,
				910EAC88230BB89000750D2F /* Resources */,
			);
			buildRules = (
			);
			dependencies = (
				910EAC8C230BB89000750D2F /* PBXTargetDependency */,
			);
			name = AlgorithmsTests;
			productName = AlgorithmsTests;
			productReference = 910EAC8A230BB89000750D2F /* AlgorithmsTests.xctest */;
			productType = "com.apple.product-type.bundle.unit-test";
		};
/* End PBXNativeTarget section */

/* Begin PBXProject section */
		910EAC6E230BB88E00750D2F /* Project object */ = {
			isa = PBXProject;
			attributes = {
				LastSwiftUpdateCheck = 1030;
				LastUpgradeCheck = 1030;
				ORGANIZATIONNAME = "Felix Carao";
				TargetAttributes = {
					910EAC75230BB88E00750D2F = {
						CreatedOnToolsVersion = 10.3;
					};
					910EAC89230BB89000750D2F = {
						CreatedOnToolsVersion = 10.3;
						TestTargetID = 910EAC75230BB88E00750D2F;
					};
				};
			};
			buildConfigurationList = 910EAC71230BB88E00750D2F /* Build configuration list for PBXProject "Algorithms" */;
			compatibilityVersion = "Xcode 9.3";
			developmentRegion = en;
			hasScannedForEncodings = 0;
			knownRegions = (
				en,
				Base,
			);
			mainGroup = 910EAC6D230BB88E00750D2F;
			productRefGroup = 910EAC77230BB88E00750D2F /* Products */;
			projectDirPath = "";
			projectRoot = "";
			targets = (
				910EAC75230BB88E00750D2F /* Algorithms */,
				910EAC89230BB89000750D2F /* AlgorithmsTests */,
			);
		};
/* End PBXProject section */

/* Begin PBXResourcesBuildPhase section */
		910EAC74230BB88E00750D2F /* Resources */ = {
			isa = PBXResourcesBuildPhase;
			buildActionMask = 2147483647;
			files = (
				910EAC84230BB89000750D2F /* LaunchScreen.storyboard in Resources */,
				910EAC81230BB89000750D2F /* Assets.xcassets in Resources */,
				910EAC7F230BB88E00750D2F /* Main.storyboard in Resources */,
			);
			runOnlyForDeploymentPostprocessing = 0;
		};
		910EAC88230BB89000750D2F /* Resources */ = {
			isa = PBXResourcesBuildPhase;
			buildActionMask = 2147483647;
			files = (
			);
			runOnlyForDeploymentPostprocessing = 0;
		};
/* End PBXResourcesBuildPhase section */

/* Begin PBXShellScriptBuildPhase section */
		13DEEF594F4545E379C8C319 /* [CP] Embed Pods Frameworks */ = {
			isa = PBXShellScriptBuildPhase;
			buildActionMask = 2147483647;
			files = (
			);
			inputFileListPaths = (
				"${PODS_ROOT}/Target Support Files/Pods-Algorithms/Pods-Algorithms-frameworks-${CONFIGURATION}-input-files.xcfilelist",
			);
			name = "[CP] Embed Pods Frameworks";
			outputFileListPaths = (
				"${PODS_ROOT}/Target Support Files/Pods-Algorithms/Pods-Algorithms-frameworks-${CONFIGURATION}-output-files.xcfilelist",
			);
			runOnlyForDeploymentPostprocessing = 0;
			shellPath = /bin/sh;
			shellScript = "\"${PODS_ROOT}/Target Support Files/Pods-Algorithms/Pods-Algorithms-frameworks.sh\"\n";
			showEnvVarsInLog = 0;
		};
		55B138417776C01959A6B712 /* [CP] Check Pods Manifest.lock */ = {
			isa = PBXShellScriptBuildPhase;
			buildActionMask = 2147483647;
			files = (
			);
			inputFileListPaths = (
			);
			inputPaths = (
				"${PODS_PODFILE_DIR_PATH}/Podfile.lock",
				"${PODS_ROOT}/Manifest.lock",
			);
			name = "[CP] Check Pods Manifest.lock";
			outputFileListPaths = (
			);
			outputPaths = (
				"$(DERIVED_FILE_DIR)/Pods-Algorithms-checkManifestLockResult.txt",
			);
			runOnlyForDeploymentPostprocessing = 0;
			shellPath = /bin/sh;
			shellScript = "diff \"${PODS_PODFILE_DIR_PATH}/Podfile.lock\" \"${PODS_ROOT}/Manifest.lock\" > /dev/null\nif [ $? != 0 ] ; then\n    # print error to STDERR\n    echo \"error: The sandbox is not in sync with the Podfile.lock. Run 'pod install' or update your CocoaPods installation.\" >&2\n    exit 1\nfi\n# This output is used by Xcode 'outputs' to avoid re-running this script phase.\necho \"SUCCESS\" > \"${SCRIPT_OUTPUT_FILE_0}\"\n";
			showEnvVarsInLog = 0;
		};
/* End PBXShellScriptBuildPhase section */

/* Begin PBXSourcesBuildPhase section */
		910EAC72230BB88E00750D2F /* Sources */ = {
			isa = PBXSourcesBuildPhase;
			buildActionMask = 2147483647;
			files = (
				91703080230E6E8200790F45 /* StaticTableViewController.swift in Sources */,
				91054FE1231F567A00352B9F /* Posts.swift in Sources */,
				91703093230FAE4700790F45 /* Tweet.swift in Sources */,
				91054FDC231F4E4600352B9F /* ListDeleteButton.swift in Sources */,
				91054FE5231F573500352B9F /* ApiCall.swift in Sources */,
				915B34A4230E1CE60015E648 /* ContactTableViewCell.swift in Sources */,
				91703095230FB19B00790F45 /* TweetTableViewController.swift in Sources */,
				91054FCD231E385A00352B9F /* PokedexTableViewController.swift in Sources */,
				9170309B230FC48300790F45 /* ImageTweetTableViewCell.swift in Sources */,
				91703088230F635200790F45 /* ContactInfoTableViewController.swift in Sources */,
				915B34A0230E17830015E648 /* ContactTableViewController.swift in Sources */,
				91054FDF231F562400352B9F /* PostsTableViewController.swift in Sources */,
				91054FC9231E37D300352B9F /* Pokemon.swift in Sources */,
				910EAC7C230BB88E00750D2F /* ViewController.swift in Sources */,
				915B34A2230E17DE0015E648 /* Contact.swift in Sources */,
				91054FD1231E3C6400352B9F /* PokedexTableViewCell.swift in Sources */,
				91703099230FBC5400790F45 /* StandardTweetTableViewCell.swift in Sources */,
				91054FE7231F59D100352B9F /* PostsTableViewCell.swift in Sources */,
				910EAC7A230BB88E00750D2F /* AppDelegate.swift in Sources */,
				91054FCB231E37DE00352B9F /* Sprites.swift in Sources */,
				91054FD5231E5C0F00352B9F /* PokemonInfoTableViewController.swift in Sources */,
				91703084230E8E7000790F45 /* NameTableViewCell.swift in Sources */,
				910EAC9C230BCCC600750D2F /* ImageExerciseViewController.swift in Sources */,
			);
			runOnlyForDeploymentPostprocessing = 0;
		};
		910EAC86230BB89000750D2F /* Sources */ = {
			isa = PBXSourcesBuildPhase;
			buildActionMask = 2147483647;
			files = (
				910EAC8F230BB89000750D2F /* AlgorithmsTests.swift in Sources */,
			);
			runOnlyForDeploymentPostprocessing = 0;
		};
/* End PBXSourcesBuildPhase section */

/* Begin PBXTargetDependency section */
		910EAC8C230BB89000750D2F /* PBXTargetDependency */ = {
			isa = PBXTargetDependency;
			target = 910EAC75230BB88E00750D2F /* Algorithms */;
			targetProxy = 910EAC8B230BB89000750D2F /* PBXContainerItemProxy */;
		};
/* End PBXTargetDependency section */

/* Begin PBXVariantGroup section */
		910EAC7D230BB88E00750D2F /* Main.storyboard */ = {
			isa = PBXVariantGroup;
			children = (
				910EAC7E230BB88E00750D2F /* Base */,
			);
			name = Main.storyboard;
			sourceTree = "<group>";
		};
		910EAC82230BB89000750D2F /* LaunchScreen.storyboard */ = {
			isa = PBXVariantGroup;
			children = (
				910EAC83230BB89000750D2F /* Base */,
			);
			name = LaunchScreen.storyboard;
			sourceTree = "<group>";
		};
/* End PBXVariantGroup section */

/* Begin XCBuildConfiguration section */
		910EAC91230BB89000750D2F /* Debug */ = {
			isa = XCBuildConfiguration;
			buildSettings = {
				ALWAYS_SEARCH_USER_PATHS = NO;
				CLANG_ANALYZER_NONNULL = YES;
				CLANG_ANALYZER_NUMBER_OBJECT_CONVERSION = YES_AGGRESSIVE;
				CLANG_CXX_LANGUAGE_STANDARD = "gnu++14";
				CLANG_CXX_LIBRARY = "libc++";
				CLANG_ENABLE_MODULES = YES;
				CLANG_ENABLE_OBJC_ARC = YES;
				CLANG_ENABLE_OBJC_WEAK = YES;
				CLANG_WARN_BLOCK_CAPTURE_AUTORELEASING = YES;
				CLANG_WARN_BOOL_CONVERSION = YES;
				CLANG_WARN_COMMA = YES;
				CLANG_WARN_CONSTANT_CONVERSION = YES;
				CLANG_WARN_DEPRECATED_OBJC_IMPLEMENTATIONS = YES;
				CLANG_WARN_DIRECT_OBJC_ISA_USAGE = YES_ERROR;
				CLANG_WARN_DOCUMENTATION_COMMENTS = YES;
				CLANG_WARN_EMPTY_BODY = YES;
				CLANG_WARN_ENUM_CONVERSION = YES;
				CLANG_WARN_INFINITE_RECURSION = YES;
				CLANG_WARN_INT_CONVERSION = YES;
				CLANG_WARN_NON_LITERAL_NULL_CONVERSION = YES;
				CLANG_WARN_OBJC_IMPLICIT_RETAIN_SELF = YES;
				CLANG_WARN_OBJC_LITERAL_CONVERSION = YES;
				CLANG_WARN_OBJC_ROOT_CLASS = YES_ERROR;
				CLANG_WARN_RANGE_LOOP_ANALYSIS = YES;
				CLANG_WARN_STRICT_PROTOTYPES = YES;
				CLANG_WARN_SUSPICIOUS_MOVE = YES;
				CLANG_WARN_UNGUARDED_AVAILABILITY = YES_AGGRESSIVE;
				CLANG_WARN_UNREACHABLE_CODE = YES;
				CLANG_WARN__DUPLICATE_METHOD_MATCH = YES;
				CODE_SIGN_IDENTITY = "iPhone Developer";
				COPY_PHASE_STRIP = NO;
				DEBUG_INFORMATION_FORMAT = dwarf;
				ENABLE_STRICT_OBJC_MSGSEND = YES;
				ENABLE_TESTABILITY = YES;
				GCC_C_LANGUAGE_STANDARD = gnu11;
				GCC_DYNAMIC_NO_PIC = NO;
				GCC_NO_COMMON_BLOCKS = YES;
				GCC_OPTIMIZATION_LEVEL = 0;
				GCC_PREPROCESSOR_DEFINITIONS = (
					"DEBUG=1",
					"$(inherited)",
				);
				GCC_WARN_64_TO_32_BIT_CONVERSION = YES;
				GCC_WARN_ABOUT_RETURN_TYPE = YES_ERROR;
				GCC_WARN_UNDECLARED_SELECTOR = YES;
				GCC_WARN_UNINITIALIZED_AUTOS = YES_AGGRESSIVE;
				GCC_WARN_UNUSED_FUNCTION = YES;
				GCC_WARN_UNUSED_VARIABLE = YES;
				IPHONEOS_DEPLOYMENT_TARGET = 12.4;
				MTL_ENABLE_DEBUG_INFO = INCLUDE_SOURCE;
				MTL_FAST_MATH = YES;
				ONLY_ACTIVE_ARCH = YES;
				SDKROOT = iphoneos;
				SWIFT_ACTIVE_COMPILATION_CONDITIONS = DEBUG;
				SWIFT_OPTIMIZATION_LEVEL = "-Onone";
			};
			name = Debug;
		};
		910EAC92230BB89000750D2F /* Release */ = {
			isa = XCBuildConfiguration;
			buildSettings = {
				ALWAYS_SEARCH_USER_PATHS = NO;
				CLANG_ANALYZER_NONNULL = YES;
				CLANG_ANALYZER_NUMBER_OBJECT_CONVERSION = YES_AGGRESSIVE;
				CLANG_CXX_LANGUAGE_STANDARD = "gnu++14";
				CLANG_CXX_LIBRARY = "libc++";
				CLANG_ENABLE_MODULES = YES;
				CLANG_ENABLE_OBJC_ARC = YES;
				CLANG_ENABLE_OBJC_WEAK = YES;
				CLANG_WARN_BLOCK_CAPTURE_AUTORELEASING = YES;
				CLANG_WARN_BOOL_CONVERSION = YES;
				CLANG_WARN_COMMA = YES;
				CLANG_WARN_CONSTANT_CONVERSION = YES;
				CLANG_WARN_DEPRECATED_OBJC_IMPLEMENTATIONS = YES;
				CLANG_WARN_DIRECT_OBJC_ISA_USAGE = YES_ERROR;
				CLANG_WARN_DOCUMENTATION_COMMENTS = YES;
				CLANG_WARN_EMPTY_BODY = YES;
				CLANG_WARN_ENUM_CONVERSION = YES;
				CLANG_WARN_INFINITE_RECURSION = YES;
				CLANG_WARN_INT_CONVERSION = YES;
				CLANG_WARN_NON_LITERAL_NULL_CONVERSION = YES;
				CLANG_WARN_OBJC_IMPLICIT_RETAIN_SELF = YES;
				CLANG_WARN_OBJC_LITERAL_CONVERSION = YES;
				CLANG_WARN_OBJC_ROOT_CLASS = YES_ERROR;
				CLANG_WARN_RANGE_LOOP_ANALYSIS = YES;
				CLANG_WARN_STRICT_PROTOTYPES = YES;
				CLANG_WARN_SUSPICIOUS_MOVE = YES;
				CLANG_WARN_UNGUARDED_AVAILABILITY = YES_AGGRESSIVE;
				CLANG_WARN_UNREACHABLE_CODE = YES;
				CLANG_WARN__DUPLICATE_METHOD_MATCH = YES;
				CODE_SIGN_IDENTITY = "iPhone Developer";
				COPY_PHASE_STRIP = NO;
				DEBUG_INFORMATION_FORMAT = "dwarf-with-dsym";
				ENABLE_NS_ASSERTIONS = NO;
				ENABLE_STRICT_OBJC_MSGSEND = YES;
				GCC_C_LANGUAGE_STANDARD = gnu11;
				GCC_NO_COMMON_BLOCKS = YES;
				GCC_WARN_64_TO_32_BIT_CONVERSION = YES;
				GCC_WARN_ABOUT_RETURN_TYPE = YES_ERROR;
				GCC_WARN_UNDECLARED_SELECTOR = YES;
				GCC_WARN_UNINITIALIZED_AUTOS = YES_AGGRESSIVE;
				GCC_WARN_UNUSED_FUNCTION = YES;
				GCC_WARN_UNUSED_VARIABLE = YES;
				IPHONEOS_DEPLOYMENT_TARGET = 12.4;
				MTL_ENABLE_DEBUG_INFO = NO;
				MTL_FAST_MATH = YES;
				SDKROOT = iphoneos;
				SWIFT_COMPILATION_MODE = wholemodule;
				SWIFT_OPTIMIZATION_LEVEL = "-O";
				VALIDATE_PRODUCT = YES;
			};
			name = Release;
		};
		910EAC94230BB89000750D2F /* Debug */ = {
			isa = XCBuildConfiguration;
			baseConfigurationReference = 4FED12DE244950D97E079CAE /* Pods-Algorithms.debug.xcconfig */;
			buildSettings = {
				ASSETCATALOG_COMPILER_APPICON_NAME = AppIcon;
				CODE_SIGN_STYLE = Automatic;
				INFOPLIST_FILE = Algorithms/Info.plist;
				LD_RUNPATH_SEARCH_PATHS = (
					"$(inherited)",
					"@executable_path/Frameworks",
				);
				PRODUCT_BUNDLE_IDENTIFIER = com.blastasia.Algorithms;
				PRODUCT_NAME = "$(TARGET_NAME)";
				SWIFT_VERSION = 5.0;
				TARGETED_DEVICE_FAMILY = "1,2";
			};
			name = Debug;
		};
		910EAC95230BB89000750D2F /* Release */ = {
			isa = XCBuildConfiguration;
			baseConfigurationReference = 2A7F6A577D3F8B87041ED567 /* Pods-Algorithms.release.xcconfig */;
			buildSettings = {
				ASSETCATALOG_COMPILER_APPICON_NAME = AppIcon;
				CODE_SIGN_STYLE = Automatic;
				INFOPLIST_FILE = Algorithms/Info.plist;
				LD_RUNPATH_SEARCH_PATHS = (
					"$(inherited)",
					"@executable_path/Frameworks",
				);
				PRODUCT_BUNDLE_IDENTIFIER = com.blastasia.Algorithms;
				PRODUCT_NAME = "$(TARGET_NAME)";
				SWIFT_VERSION = 5.0;
				TARGETED_DEVICE_FAMILY = "1,2";
			};
			name = Release;
		};
		910EAC97230BB89000750D2F /* Debug */ = {
			isa = XCBuildConfiguration;
			buildSettings = {
				ALWAYS_EMBED_SWIFT_STANDARD_LIBRARIES = YES;
				BUNDLE_LOADER = "$(TEST_HOST)";
				CODE_SIGN_STYLE = Automatic;
				INFOPLIST_FILE = AlgorithmsTests/Info.plist;
				LD_RUNPATH_SEARCH_PATHS = (
					"$(inherited)",
					"@executable_path/Frameworks",
					"@loader_path/Frameworks",
				);
				PRODUCT_BUNDLE_IDENTIFIER = com.blastasia.AlgorithmsTests;
				PRODUCT_NAME = "$(TARGET_NAME)";
				SWIFT_VERSION = 5.0;
				TARGETED_DEVICE_FAMILY = "1,2";
				TEST_HOST = "$(BUILT_PRODUCTS_DIR)/Algorithms.app/Algorithms";
			};
			name = Debug;
		};
		910EAC98230BB89000750D2F /* Release */ = {
			isa = XCBuildConfiguration;
			buildSettings = {
				ALWAYS_EMBED_SWIFT_STANDARD_LIBRARIES = YES;
				BUNDLE_LOADER = "$(TEST_HOST)";
				CODE_SIGN_STYLE = Automatic;
				INFOPLIST_FILE = AlgorithmsTests/Info.plist;
				LD_RUNPATH_SEARCH_PATHS = (
					"$(inherited)",
					"@executable_path/Frameworks",
					"@loader_path/Frameworks",
				);
				PRODUCT_BUNDLE_IDENTIFIER = com.blastasia.AlgorithmsTests;
				PRODUCT_NAME = "$(TARGET_NAME)";
				SWIFT_VERSION = 5.0;
				TARGETED_DEVICE_FAMILY = "1,2";
				TEST_HOST = "$(BUILT_PRODUCTS_DIR)/Algorithms.app/Algorithms";
			};
			name = Release;
		};
/* End XCBuildConfiguration section */

/* Begin XCConfigurationList section */
		910EAC71230BB88E00750D2F /* Build configuration list for PBXProject "Algorithms" */ = {
			isa = XCConfigurationList;
			buildConfigurations = (
				910EAC91230BB89000750D2F /* Debug */,
				910EAC92230BB89000750D2F /* Release */,
			);
			defaultConfigurationIsVisible = 0;
			defaultConfigurationName = Release;
		};
		910EAC93230BB89000750D2F /* Build configuration list for PBXNativeTarget "Algorithms" */ = {
			isa = XCConfigurationList;
			buildConfigurations = (
				910EAC94230BB89000750D2F /* Debug */,
				910EAC95230BB89000750D2F /* Release */,
			);
			defaultConfigurationIsVisible = 0;
			defaultConfigurationName = Release;
		};
		910EAC96230BB89000750D2F /* Build configuration list for PBXNativeTarget "AlgorithmsTests" */ = {
			isa = XCConfigurationList;
			buildConfigurations = (
				910EAC97230BB89000750D2F /* Debug */,
				910EAC98230BB89000750D2F /* Release */,
			);
			defaultConfigurationIsVisible = 0;
			defaultConfigurationName = Release;
		};
/* End XCConfigurationList section */
	};
	rootObject = 910EAC6E230BB88E00750D2F /* Project object */;
}
